
Microsoft Visual Studio Solution File, Format Version 12.00
# Visual Studio Version 16
VisualStudioVersion = 16.0.30114.105
MinimumVisualStudioVersion = 10.0.40219.1
Project("{9A19103F-16F7-4668-BE54-9A1E7A4F7556}") = "API", "API\API.csproj", "{B46E7678-15C7-4523-A570-31C219BF2A45}"
EndProject
Project("{FAE04EC0-301F-11D3-BF4B-00C04F79EFBC}") = "API.Data", "API.Data\API.Data.csproj", "{5CA61D84-ACF9-4937-BDF4-0F29338A4B38}"
EndProject
Global
	GlobalSection(SolutionConfigurationPlatforms) = preSolution
		Debug|Any CPU = Debug|Any CPU
		Debug|x64 = Debug|x64
		Debug|x86 = Debug|x86
		Release|Any CPU = Release|Any CPU
		Release|x64 = Release|x64
		Release|x86 = Release|x86
	EndGlobalSection
	GlobalSection(ProjectConfigurationPlatforms) = postSolution
		{B46E7678-15C7-4523-A570-31C219BF2A45}.Debug|Any CPU.ActiveCfg = Debug|Any CPU
		{B46E7678-15C7-4523-A570-31C219BF2A45}.Debug|Any CPU.Build.0 = Debug|Any CPU
		{B46E7678-15C7-4523-A570-31C219BF2A45}.Debug|x64.ActiveCfg = Debug|Any CPU
		{B46E7678-15C7-4523-A570-31C219BF2A45}.Debug|x64.Build.0 = Debug|Any CPU
		{B46E7678-15C7-4523-A570-31C219BF2A45}.Debug|x86.ActiveCfg = Debug|Any CPU
		{B46E7678-15C7-4523-A570-31C219BF2A45}.Debug|x86.Build.0 = Debug|Any CPU
		{B46E7678-15C7-4523-A570-31C219BF2A45}.Release|Any CPU.ActiveCfg = Release|Any CPU
		{B46E7678-15C7-4523-A570-31C219BF2A45}.Release|Any CPU.Build.0 = Release|Any CPU
		{B46E7678-15C7-4523-A570-31C219BF2A45}.Release|x64.ActiveCfg = Release|Any CPU
		{B46E7678-15C7-4523-A570-31C219BF2A45}.Release|x64.Build.0 = Release|Any CPU
		{B46E7678-15C7-4523-A570-31C219BF2A45}.Release|x86.ActiveCfg = Release|Any CPU
		{B46E7678-15C7-4523-A570-31C219BF2A45}.Release|x86.Build.0 = Release|Any CPU
		{5CA61D84-ACF9-4937-BDF4-0F29338A4B38}.Debug|Any CPU.ActiveCfg = Debug|Any CPU
		{5CA61D84-ACF9-4937-BDF4-0F29338A4B38}.Debug|Any CPU.Build.0 = Debug|Any CPU
		{5CA61D84-ACF9-4937-BDF4-0F29338A4B38}.Debug|x64.ActiveCfg = Debug|Any CPU
		{5CA61D84-ACF9-4937-BDF4-0F29338A4B38}.Debug|x64.Build.0 = Debug|Any CPU
		{5CA61D84-ACF9-4937-BDF4-0F29338A4B38}.Debug|x86.ActiveCfg = Debug|Any CPU
		{5CA61D84-ACF9-4937-BDF4-0F29338A4B38}.Debug|x86.Build.0 = Debug|Any CPU
		{5CA61D84-ACF9-4937-BDF4-0F29338A4B38}.Release|Any CPU.ActiveCfg = Release|Any CPU
		{5CA61D84-ACF9-4937-BDF4-0F29338A4B38}.Release|Any CPU.Build.0 = Release|Any CPU
		{5CA61D84-ACF9-4937-BDF4-0F29338A4B38}.Release|x64.ActiveCfg = Release|Any CPU
		{5CA61D84-ACF9-4937-BDF4-0F29338A4B38}.Release|x64.Build.0 = Release|Any CPU
		{5CA61D84-ACF9-4937-BDF4-0F29338A4B38}.Release|x86.ActiveCfg = Release|Any CPU
		{5CA61D84-ACF9-4937-BDF4-0F29338A4B38}.Release|x86.Build.0 = Release|Any CPU
	EndGlobalSection
	GlobalSection(SolutionProperties) = preSolution
		HideSolutionNode = FALSE
	EndGlobalSection
	GlobalSection(ExtensibilityGlobals) = postSolution
		SolutionGuid = {B0FCCF68-B8B1-456A-9B19-4089E3A4DB23}
	EndGlobalSection
EndGlobal
